version: 2.0
shards:
  ameba:
    git: https://github.com/crystal-ameba/ameba.git
    version: 1.4.0

  atcoder:
    git: https://github.com/google/ac-library.cr.git
    version: 0.1.0+git.commit.b7144ecf8343ce551dcda16a006590421b30bf6a

  cr-bundle:
    git: https://github.com/yuruhi/cr-bundle.git
    version: 0.4.0+git.commit.4fd7dc955b7b84b373e74302fc3701cefc36c552

